
Microsoft Visual Studio Solution File, Format Version 12.00
# Visual Studio 15
VisualStudioVersion = 15.0.28307.572
MinimumVisualStudioVersion = 10.0.40219.1
Project("{FAE04EC0-301F-11D3-BF4B-00C04F79EFBC}") = "MusicStore1", "MusicStore1\MusicStore1.csproj", "{3373425F-1C77-4743-9D3D-29D99256DA1C}"
EndProject
Global
	GlobalSection(SolutionConfigurationPlatforms) = preSolution
		Debug|Any CPU = Debug|Any CPU
		Release|Any CPU = Release|Any CPU
	EndGlobalSection
	GlobalSection(ProjectConfigurationPlatforms) = postSolution
		{3373425F-1C77-4743-9D3D-29D99256DA1C}.Debug|Any CPU.ActiveCfg = Debug|Any CPU
		{3373425F-1C77-4743-9D3D-29D99256DA1C}.Debug|Any CPU.Build.0 = Debug|Any CPU
		{3373425F-1C77-4743-9D3D-29D99256DA1C}.Release|Any CPU.ActiveCfg = Release|Any CPU
		{3373425F-1C77-4743-9D3D-29D99256DA1C}.Release|Any CPU.Build.0 = Release|Any CPU
	EndGlobalSection
	GlobalSection(SolutionProperties) = preSolution
		HideSolutionNode = FALSE
	EndGlobalSection
	GlobalSection(ExtensibilityGlobals) = postSolution
		SolutionGuid = {26F13D2B-373A-4889-9428-0DC353F72865}
	EndGlobalSection
EndGlobal
